
Microsoft Visual Studio Solution File, Format Version 12.00
# Visual Studio Version 17
VisualStudioVersion = 17.11.35327.3
MinimumVisualStudioVersion = 10.0.40219.1
Project("{FAE04EC0-301F-11D3-BF4B-00C04F79EFBC}") = "Chess", "Chess\Chess.csproj", "{8C51AC71-9C62-4495-8634-71438F5A7A67}"
EndProject
Project("{FAE04EC0-301F-11D3-BF4B-00C04F79EFBC}") = "ChessLibs", "ChessLibs\ChessLibs.csproj", "{B4EE407A-B0DE-4F9E-9CFB-110F29AAAD37}"
EndProject
Global
	GlobalSection(SolutionConfigurationPlatforms) = preSolution
		Debug|Any CPU = Debug|Any CPU
		Release|Any CPU = Release|Any CPU
	EndGlobalSection
	GlobalSection(ProjectConfigurationPlatforms) = postSolution
		{8C51AC71-9C62-4495-8634-71438F5A7A67}.Debug|Any CPU.ActiveCfg = Debug|Any CPU
		{8C51AC71-9C62-4495-8634-71438F5A7A67}.Debug|Any CPU.Build.0 = Debug|Any CPU
		{8C51AC71-9C62-4495-8634-71438F5A7A67}.Release|Any CPU.ActiveCfg = Release|Any CPU
		{8C51AC71-9C62-4495-8634-71438F5A7A67}.Release|Any CPU.Build.0 = Release|Any CPU
		{B4EE407A-B0DE-4F9E-9CFB-110F29AAAD37}.Debug|Any CPU.ActiveCfg = Debug|Any CPU
		{B4EE407A-B0DE-4F9E-9CFB-110F29AAAD37}.Debug|Any CPU.Build.0 = Debug|Any CPU
		{B4EE407A-B0DE-4F9E-9CFB-110F29AAAD37}.Release|Any CPU.ActiveCfg = Release|Any CPU
		{B4EE407A-B0DE-4F9E-9CFB-110F29AAAD37}.Release|Any CPU.Build.0 = Release|Any CPU
	EndGlobalSection
	GlobalSection(SolutionProperties) = preSolution
		HideSolutionNode = FALSE
	EndGlobalSection
	GlobalSection(ExtensibilityGlobals) = postSolution
		SolutionGuid = {00DA51A2-3E5A-4CD8-8D9A-84736EEBF62F}
	EndGlobalSection
EndGlobal
